
Microsoft Visual Studio Solution File, Format Version 12.00
# Visual Studio Version 17
VisualStudioVersion = 17.7.34031.279
MinimumVisualStudioVersion = 10.0.40219.1
Project("{FAE04EC0-301F-11D3-BF4B-00C04F79EFBC}") = "PracticaHerencia", "PracticaHerencia.csproj", "{92E8CE9E-BA70-49C3-BB23-E93F53B17096}"
EndProject
Global
	GlobalSection(SolutionConfigurationPlatforms) = preSolution
		Debug|Any CPU = Debug|Any CPU
		Release|Any CPU = Release|Any CPU
	EndGlobalSection
	GlobalSection(ProjectConfigurationPlatforms) = postSolution
		{92E8CE9E-BA70-49C3-BB23-E93F53B17096}.Debug|Any CPU.ActiveCfg = Debug|Any CPU
		{92E8CE9E-BA70-49C3-BB23-E93F53B17096}.Debug|Any CPU.Build.0 = Debug|Any CPU
		{92E8CE9E-BA70-49C3-BB23-E93F53B17096}.Release|Any CPU.ActiveCfg = Release|Any CPU
		{92E8CE9E-BA70-49C3-BB23-E93F53B17096}.Release|Any CPU.Build.0 = Release|Any CPU
	EndGlobalSection
	GlobalSection(SolutionProperties) = preSolution
		HideSolutionNode = FALSE
	EndGlobalSection
	GlobalSection(ExtensibilityGlobals) = postSolution
		SolutionGuid = {F83EF72C-8C72-40EB-95A5-708D6BE02E27}
	EndGlobalSection
EndGlobal
