
Microsoft Visual Studio Solution File, Format Version 12.00
# Visual Studio Version 17
VisualStudioVersion = 17.7.34031.279
MinimumVisualStudioVersion = 10.0.40219.1
Project("{FAE04EC0-301F-11D3-BF4B-00C04F79EFBC}") = "PracticaAJAX", "PracticaAJAX.csproj", "{7E43DAE3-26F9-4436-BE37-2F8810B0DC34}"
EndProject
Global
	GlobalSection(SolutionConfigurationPlatforms) = preSolution
		Debug|Any CPU = Debug|Any CPU
		Release|Any CPU = Release|Any CPU
	EndGlobalSection
	GlobalSection(ProjectConfigurationPlatforms) = postSolution
		{7E43DAE3-26F9-4436-BE37-2F8810B0DC34}.Debug|Any CPU.ActiveCfg = Debug|Any CPU
		{7E43DAE3-26F9-4436-BE37-2F8810B0DC34}.Debug|Any CPU.Build.0 = Debug|Any CPU
		{7E43DAE3-26F9-4436-BE37-2F8810B0DC34}.Release|Any CPU.ActiveCfg = Release|Any CPU
		{7E43DAE3-26F9-4436-BE37-2F8810B0DC34}.Release|Any CPU.Build.0 = Release|Any CPU
	EndGlobalSection
	GlobalSection(SolutionProperties) = preSolution
		HideSolutionNode = FALSE
	EndGlobalSection
	GlobalSection(ExtensibilityGlobals) = postSolution
		SolutionGuid = {D6A9916A-5703-4D99-BB91-E63B2D86EB49}
	EndGlobalSection
EndGlobal
